// !$*UTF8*$!
{
	archiveVersion = 1;
	classes = {
	};
	objectVersion = 46;
	objects = {

/* Begin PBXBuildFile section */
		2E3B22B71CD0A24100241F9B /* main.m in Sources */ = {isa = PBXBuildFile; fileRef = 2E3B22B61CD0A24100241F9B /* main.m */; };
		2E3B22BA1CD0A24100241F9B /* AppDelegate.m in Sources */ = {isa = PBXBuildFile; fileRef = 2E3B22B91CD0A24100241F9B /* AppDelegate.m */; };
		2E3B22BD1CD0A24100241F9B /* ViewController.m in Sources */ = {isa = PBXBuildFile; fileRef = 2E3B22BC1CD0A24100241F9B /* ViewController.m */; };
		2E3B22C01CD0A24100241F9B /* Main.storyboard in Resources */ = {isa = PBXBuildFile; fileRef = 2E3B22BE1CD0A24100241F9B /* Main.storyboard */; };
		2E3B22C21CD0A24100241F9B /* Assets.xcassets in Resources */ = {isa = PBXBuildFile; fileRef = 2E3B22C11CD0A24100241F9B /* Assets.xcassets */; };
		2E3B22C51CD0A24100241F9B /* LaunchScreen.storyboard in Resources */ = {isa = PBXBuildFile; fileRef = 2E3B22C31CD0A24100241F9B /* LaunchScreen.storyboard */; };
		2E3B22D01CD0A24100241F9B /* Custom_AlertViewTests.m in Sources */ = {isa = PBXBuildFile; fileRef = 2E3B22CF1CD0A24100241F9B /* Custom_AlertViewTests.m */; };
		2E3B22DB1CD0A24100241F9B /* Custom_AlertViewUITests.m in Sources */ = {isa = PBXBuildFile; fileRef = 2E3B22DA1CD0A24100241F9B /* Custom_AlertViewUITests.m */; };
/* End PBXBuildFile section */

/* Begin PBXContainerItemProxy section */
		2E3B22CC1CD0A24100241F9B /* PBXContainerItemProxy */ = {
			isa = PBXContainerItemProxy;
			containerPortal = 2E3B22AA1CD0A24100241F9B /* Project object */;
			proxyType = 1;
			remoteGlobalIDString = 2E3B22B11CD0A24100241F9B;
			remoteInfo = "Custom AlertView";
		};
		2E3B22D71CD0A24100241F9B /* PBXContainerItemProxy */ = {
			isa = PBXContainerItemProxy;
			containerPortal = 2E3B22AA1CD0A24100241F9B /* Project object */;
			proxyType = 1;
			remoteGlobalIDString = 2E3B22B11CD0A24100241F9B;
			remoteInfo = "Custom AlertView";
		};
/* End PBXContainerItemProxy section */

/* Begin PBXFileReference section */
		2E3B22B21CD0A24100241F9B /* Custom AlertView.app */ = {isa = PBXFileReference; explicitFileType = wrapper.application; includeInIndex = 0; path = "Custom AlertView.app"; sourceTree = BUILT_PRODUCTS_DIR; };
		2E3B22B61CD0A24100241F9B /* main.m */ = {isa = PBXFileReference; lastKnownFileType = sourcecode.c.objc; path = main.m; sourceTree = "<group>"; };
		2E3B22B81CD0A24100241F9B /* AppDelegate.h */ = {isa = PBXFileReference; lastKnownFileType = sourcecode.c.h; path = AppDelegate.h; sourceTree = "<group>"; };
		2E3B22B91CD0A24100241F9B /* AppDelegate.m */ = {isa = PBXFileReference; lastKnownFileType = sourcecode.c.objc; path = AppDelegate.m; sourceTree = "<group>"; };
		2E3B22BB1CD0A24100241F9B /* ViewController.h */ = {isa = PBXFileReference; lastKnownFileType = sourcecode.c.h; path = ViewController.h; sourceTree = "<group>"; };
		2E3B22BC1CD0A24100241F9B /* ViewController.m */ = {isa = PBXFileReference; lastKnownFileType = sourcecode.c.objc; path = ViewController.m; sourceTree = "<group>"; };
		2E3B22BF1CD0A24100241F9B /* Base */ = {isa = PBXFileReference; lastKnownFileType = file.storyboard; name = Base; path = Base.lproj/Main.storyboard; sourceTree = "<group>"; };
		2E3B22C11CD0A24100241F9B /* Assets.xcassets */ = {isa = PBXFileReference; lastKnownFileType = folder.assetcatalog; path = Assets.xcassets; sourceTree = "<group>"; };
		2E3B22C41CD0A24100241F9B /* Base */ = {isa = PBXFileReference; lastKnownFileType = file.storyboard; name = Base; path = Base.lproj/LaunchScreen.storyboard; sourceTree = "<group>"; };
		2E3B22C61CD0A24100241F9B /* Info.plist */ = {isa = PBXFileReference; lastKnownFileType = text.plist.xml; path = Info.plist; sourceTree = "<group>"; };
		2E3B22CB1CD0A24100241F9B /* Custom AlertViewTests.xctest */ = {isa = PBXFileReference; explicitFileType = wrapper.cfbundle; includeInIndex = 0; path = "Custom AlertViewTests.xctest"; sourceTree = BUILT_PRODUCTS_DIR; };
		2E3B22CF1CD0A24100241F9B /* Custom_AlertViewTests.m */ = {isa = PBXFileReference; lastKnownFileType = sourcecode.c.objc; path = Custom_AlertViewTests.m; sourceTree = "<group>"; };
		2E3B22D11CD0A24100241F9B /* Info.plist */ = {isa = PBXFileReference; lastKnownFileType = text.plist.xml; path = Info.plist; sourceTree = "<group>"; };
		2E3B22D61CD0A24100241F9B /* Custom AlertViewUITests.xctest */ = {isa = PBXFileReference; explicitFileType = wrapper.cfbundle; includeInIndex = 0; path = "Custom AlertViewUITests.xctest"; sourceTree = BUILT_PRODUCTS_DIR; };
		2E3B22DA1CD0A24100241F9B /* Custom_AlertViewUITests.m */ = {isa = PBXFileReference; lastKnownFileType = sourcecode.c.objc; path = Custom_AlertViewUITests.m; sourceTree = "<group>"; };
		2E3B22DC1CD0A24100241F9B /* Info.plist */ = {isa = PBXFileReference; lastKnownFileType = text.plist.xml; path = Info.plist; sourceTree = "<group>"; };
/* End PBXFileReference section */

/* Begin PBXFrameworksBuildPhase section */
		2E3B22AF1CD0A24100241F9B /* Frameworks */ = {
			isa = PBXFrameworksBuildPhase;
			buildActionMask = 2147483647;
			files = (
			);
			runOnlyForDeploymentPostprocessing = 0;
		};
		2E3B22C81CD0A24100241F9B /* Frameworks */ = {
			isa = PBXFrameworksBuildPhase;
			buildActionMask = 2147483647;
			files = (
			);
			runOnlyForDeploymentPostprocessing = 0;
		};
		2E3B22D31CD0A24100241F9B /* Frameworks */ = {
			isa = PBXFrameworksBuildPhase;
			buildActionMask = 2147483647;
			files = (
			);
			runOnlyForDeploymentPostprocessing = 0;
		};
/* End PBXFrameworksBuildPhase section */

/* Begin PBXGroup section */
		2E3B22A91CD0A24100241F9B = {
			isa = PBXGroup;
			children = (
				2E3B22B41CD0A24100241F9B /* Custom AlertView */,
				2E3B22CE1CD0A24100241F9B /* Custom AlertViewTests */,
				2E3B22D91CD0A24100241F9B /* Custom AlertViewUITests */,
				2E3B22B31CD0A24100241F9B /* Products */,
			);
			sourceTree = "<group>";
		};
		2E3B22B31CD0A24100241F9B /* Products */ = {
			isa = PBXGroup;
			children = (
				2E3B22B21CD0A24100241F9B /* Custom AlertView.app */,
				2E3B22CB1CD0A24100241F9B /* Custom AlertViewTests.xctest */,
				2E3B22D61CD0A24100241F9B /* Custom AlertViewUITests.xctest */,
			);
			name = Products;
			sourceTree = "<group>";
		};
		2E3B22B41CD0A24100241F9B /* Custom AlertView */ = {
			isa = PBXGroup;
			children = (
				2E3B22B81CD0A24100241F9B /* AppDelegate.h */,
				2E3B22B91CD0A24100241F9B /* AppDelegate.m */,
				2E3B22BB1CD0A24100241F9B /* ViewController.h */,
				2E3B22BC1CD0A24100241F9B /* ViewController.m */,
				2E3B22BE1CD0A24100241F9B /* Main.storyboard */,
				2E3B22C11CD0A24100241F9B /* Assets.xcassets */,
				2E3B22C31CD0A24100241F9B /* LaunchScreen.storyboard */,
				2E3B22C61CD0A24100241F9B /* Info.plist */,
				2E3B22B51CD0A24100241F9B /* Supporting Files */,
			);
			path = "Custom AlertView";
			sourceTree = "<group>";
		};
		2E3B22B51CD0A24100241F9B /* Supporting Files */ = {
			isa = PBXGroup;
			children = (
				2E3B22B61CD0A24100241F9B /* main.m */,
			);
			name = "Supporting Files";
			sourceTree = "<group>";
		};
		2E3B22CE1CD0A24100241F9B /* Custom AlertViewTests */ = {
			isa = PBXGroup;
			children = (
				2E3B22CF1CD0A24100241F9B /* Custom_AlertViewTests.m */,
				2E3B22D11CD0A24100241F9B /* Info.plist */,
			);
			path = "Custom AlertViewTests";
			sourceTree = "<group>";
		};
		2E3B22D91CD0A24100241F9B /* Custom AlertViewUITests */ = {
			isa = PBXGroup;
			children = (
				2E3B22DA1CD0A24100241F9B /* Custom_AlertViewUITests.m */,
				2E3B22DC1CD0A24100241F9B /* Info.plist */,
			);
			path = "Custom AlertViewUITests";
			sourceTree = "<group>";
		};
/* End PBXGroup section */

/* Begin PBXNativeTarget section */
		2E3B22B11CD0A24100241F9B /* Custom AlertView */ = {
			isa = PBXNativeTarget;
			buildConfigurationList = 2E3B22DF1CD0A24100241F9B /* Build configuration list for PBXNativeTarget "Custom AlertView" */;
			buildPhases = (
				2E3B22AE1CD0A24100241F9B /* Sources */,
				2E3B22AF1CD0A24100241F9B /* Frameworks */,
				2E3B22B01CD0A24100241F9B /* Resources */,
			);
			buildRules = (
			);
			dependencies = (
			);
			name = "Custom AlertView";
			productName = "Custom AlertView";
			productReference = 2E3B22B21CD0A24100241F9B /* Custom AlertView.app */;
			productType = "com.apple.product-type.application";
		};
		2E3B22CA1CD0A24100241F9B /* Custom AlertViewTests */ = {
			isa = PBXNativeTarget;
			buildConfigurationList = 2E3B22E21CD0A24100241F9B /* Build configuration list for PBXNativeTarget "Custom AlertViewTests" */;
			buildPhases = (
				2E3B22C71CD0A24100241F9B /* Sources */,
				2E3B22C81CD0A24100241F9B /* Frameworks */,
				2E3B22C91CD0A24100241F9B /* Resources */,
			);
			buildRules = (
			);
			dependencies = (
				2E3B22CD1CD0A24100241F9B /* PBXTargetDependency */,
			);
			name = "Custom AlertViewTests";
			productName = "Custom AlertViewTests";
			productReference = 2E3B22CB1CD0A24100241F9B /* Custom AlertViewTests.xctest */;
			productType = "com.apple.product-type.bundle.unit-test";
		};
		2E3B22D51CD0A24100241F9B /* Custom AlertViewUITests */ = {
			isa = PBXNativeTarget;
			buildConfigurationList = 2E3B22E51CD0A24100241F9B /* Build configuration list for PBXNativeTarget "Custom AlertViewUITests" */;
			buildPhases = (
				2E3B22D21CD0A24100241F9B /* Sources */,
				2E3B22D31CD0A24100241F9B /* Frameworks */,
				2E3B22D41CD0A24100241F9B /* Resources */,
			);
			buildRules = (
			);
			dependencies = (
				2E3B22D81CD0A24100241F9B /* PBXTargetDependency */,
			);
			name = "Custom AlertViewUITests";
			productName = "Custom AlertViewUITests";
			productReference = 2E3B22D61CD0A24100241F9B /* Custom AlertViewUITests.xctest */;
			productType = "com.apple.product-type.bundle.ui-testing";
		};
/* End PBXNativeTarget section */

/* Begin PBXProject section */
		2E3B22AA1CD0A24100241F9B /* Project object */ = {
			isa = PBXProject;
			attributes = {
				LastUpgradeCheck = 0730;
				ORGANIZATIONNAME = GuYi;
				TargetAttributes = {
					2E3B22B11CD0A24100241F9B = {
						CreatedOnToolsVersion = 7.3;
					};
					2E3B22CA1CD0A24100241F9B = {
						CreatedOnToolsVersion = 7.3;
						TestTargetID = 2E3B22B11CD0A24100241F9B;
					};
					2E3B22D51CD0A24100241F9B = {
						CreatedOnToolsVersion = 7.3;
						TestTargetID = 2E3B22B11CD0A24100241F9B;
					};
				};
			};
			buildConfigurationList = 2E3B22AD1CD0A24100241F9B /* Build configuration list for PBXProject "Custom AlertView" */;
			compatibilityVersion = "Xcode 3.2";
			developmentRegion = English;
			hasScannedForEncodings = 0;
			knownRegions = (
				en,
				Base,
			);
			mainGroup = 2E3B22A91CD0A24100241F9B;
			productRefGroup = 2E3B22B31CD0A24100241F9B /* Products */;
			projectDirPath = "";
			projectRoot = "";
			targets = (
				2E3B22B11CD0A24100241F9B /* Custom AlertView */,
				2E3B22CA1CD0A24100241F9B /* Custom AlertViewTests */,
				2E3B22D51CD0A24100241F9B /* Custom AlertViewUITests */,
			);
		};
/* End PBXProject section */

/* Begin PBXResourcesBuildPhase section */
		2E3B22B01CD0A24100241F9B /* Resources */ = {
			isa = PBXResourcesBuildPhase;
			buildActionMask = 2147483647;
			files = (
				2E3B22C51CD0A24100241F9B /* LaunchScreen.storyboard in Resources */,
				2E3B22C21CD0A24100241F9B /* Assets.xcassets in Resources */,
				2E3B22C01CD0A24100241F9B /* Main.storyboard in Resources */,
			);
			runOnlyForDeploymentPostprocessing = 0;
		};
		2E3B22C91CD0A24100241F9B /* Resources */ = {
			isa = PBXResourcesBuildPhase;
			buildActionMask = 2147483647;
			files = (
			);
			runOnlyForDeploymentPostprocessing = 0;
		};
		2E3B22D41CD0A24100241F9B /* Resources */ = {
			isa = PBXResourcesBuildPhase;
			buildActionMask = 2147483647;
			files = (
			);
			runOnlyForDeploymentPostprocessing = 0;
		};
/* End PBXResourcesBuildPhase section */

/* Begin PBXSourcesBuildPhase section */
		2E3B22AE1CD0A24100241F9B /* Sources */ = {
			isa = PBXSourcesBuildPhase;
			buildActionMask = 2147483647;
			files = (
				2E3B22BD1CD0A24100241F9B /* ViewController.m in Sources */,
				2E3B22BA1CD0A24100241F9B /* AppDelegate.m in Sources */,
				2E3B22B71CD0A24100241F9B /* main.m in Sources */,
			);
			runOnlyForDeploymentPostprocessing = 0;
		};
		2E3B22C71CD0A24100241F9B /* Sources */ = {
			isa = PBXSourcesBuildPhase;
			buildActionMask = 2147483647;
			files = (
				2E3B22D01CD0A24100241F9B /* Custom_AlertViewTests.m in Sources */,
			);
			runOnlyForDeploymentPostprocessing = 0;
		};
		2E3B22D21CD0A24100241F9B /* Sources */ = {
			isa = PBXSourcesBuildPhase;
			buildActionMask = 2147483647;
			files = (
				2E3B22DB1CD0A24100241F9B /* Custom_AlertViewUITests.m in Sources */,
			);
			runOnlyForDeploymentPostprocessing = 0;
		};
/* End PBXSourcesBuildPhase section */

/* Begin PBXTargetDependency section */
		2E3B22CD1CD0A24100241F9B /* PBXTargetDependency */ = {
			isa = PBXTargetDependency;
			target = 2E3B22B11CD0A24100241F9B /* Custom AlertView */;
			targetProxy = 2E3B22CC1CD0A24100241F9B /* PBXContainerItemProxy */;
		};
		2E3B22D81CD0A24100241F9B /* PBXTargetDependency */ = {
			isa = PBXTargetDependency;
			target = 2E3B22B11CD0A24100241F9B /* Custom AlertView */;
			targetProxy = 2E3B22D71CD0A24100241F9B /* PBXContainerItemProxy */;
		};
/* End PBXTargetDependency section */

/* Begin PBXVariantGroup section */
		2E3B22BE1CD0A24100241F9B /* Main.storyboard */ = {
			isa = PBXVariantGroup;
			children = (
				2E3B22BF1CD0A24100241F9B /* Base */,
			);
			name = Main.storyboard;
			sourceTree = "<group>";
		};
		2E3B22C31CD0A24100241F9B /* LaunchScreen.storyboard */ = {
			isa = PBXVariantGroup;
			children = (
				2E3B22C41CD0A24100241F9B /* Base */,
			);
			name = LaunchScreen.storyboard;
			sourceTree = "<group>";
		};
/* End PBXVariantGroup section */

/* Begin XCBuildConfiguration section */
		2E3B22DD1CD0A24100241F9B /* Debug */ = {
			isa = XCBuildConfiguration;
			buildSettings = {
				ALWAYS_SEARCH_USER_PATHS = NO;
				CLANG_ANALYZER_NONNULL = YES;
				CLANG_CXX_LANGUAGE_STANDARD = "gnu++0x";
				CLANG_CXX_LIBRARY = "libc++";
				CLANG_ENABLE_MODULES = YES;
				CLANG_ENABLE_OBJC_ARC = YES;
				CLANG_WARN_BOOL_CONVERSION = YES;
				CLANG_WARN_CONSTANT_CONVERSION = YES;
				CLANG_WARN_DIRECT_OBJC_ISA_USAGE = YES_ERROR;
				CLANG_WARN_EMPTY_BODY = YES;
				CLANG_WARN_ENUM_CONVERSION = YES;
				CLANG_WARN_INT_CONVERSION = YES;
				CLANG_WARN_OBJC_ROOT_CLASS = YES_ERROR;
				CLANG_WARN_UNREACHABLE_CODE = YES;
				CLANG_WARN__DUPLICATE_METHOD_MATCH = YES;
				"CODE_SIGN_IDENTITY[sdk=iphoneos*]" = "iPhone Developer";
				COPY_PHASE_STRIP = NO;
				DEBUG_INFORMATION_FORMAT = dwarf;
				ENABLE_STRICT_OBJC_MSGSEND = NO;
				ENABLE_TESTABILITY = YES;
				GCC_C_LANGUAGE_STANDARD = gnu99;
				GCC_DYNAMIC_NO_PIC = NO;
				GCC_NO_COMMON_BLOCKS = YES;
				GCC_OPTIMIZATION_LEVEL = 0;
				GCC_PREPROCESSOR_DEFINITIONS = (
					"DEBUG=1",
					"$(inherited)",
				);
				GCC_WARN_64_TO_32_BIT_CONVERSION = YES;
				GCC_WARN_ABOUT_RETURN_TYPE = YES_ERROR;
				GCC_WARN_UNDECLARED_SELECTOR = YES;
				GCC_WARN_UNINITIALIZED_AUTOS = YES_AGGRESSIVE;
				GCC_WARN_UNUSED_FUNCTION = YES;
				GCC_WARN_UNUSED_VARIABLE = YES;
				IPHONEOS_DEPLOYMENT_TARGET = 9.3;
				MTL_ENABLE_DEBUG_INFO = YES;
				ONLY_ACTIVE_ARCH = YES;
				SDKROOT = iphoneos;
				TARGETED_DEVICE_FAMILY = "1,2";
			};
			name = Debug;
		};
		2E3B22DE1CD0A24100241F9B /* Release */ = {
			isa = XCBuildConfiguration;
			buildSettings = {
				ALWAYS_SEARCH_USER_PATHS = NO;
				CLANG_ANALYZER_NONNULL = YES;
				CLANG_CXX_LANGUAGE_STANDARD = "gnu++0x";
				CLANG_CXX_LIBRARY = "libc++";
				CLANG_ENABLE_MODULES = YES;
				CLANG_ENABLE_OBJC_ARC = YES;
				CLANG_WARN_BOOL_CONVERSION = YES;
				CLANG_WARN_CONSTANT_CONVERSION = YES;
				CLANG_WARN_DIRECT_OBJC_ISA_USAGE = YES_ERROR;
				CLANG_WARN_EMPTY_BODY = YES;
				CLANG_WARN_ENUM_CONVERSION = YES;
				CLANG_WARN_INT_CONVERSION = YES;
				CLANG_WARN_OBJC_ROOT_CLASS = YES_ERROR;
				CLANG_WARN_UNREACHABLE_CODE = YES;
				CLANG_WARN__DUPLICATE_METHOD_MATCH = YES;
				"CODE_SIGN_IDENTITY[sdk=iphoneos*]" = "iPhone Developer";
				COPY_PHASE_STRIP = NO;
				DEBUG_INFORMATION_FORMAT = "dwarf-with-dsym";
				ENABLE_NS_ASSERTIONS = NO;
				ENABLE_STRICT_OBJC_MSGSEND = NO;
				GCC_C_LANGUAGE_STANDARD = gnu99;
				GCC_NO_COMMON_BLOCKS = YES;
				GCC_WARN_64_TO_32_BIT_CONVERSION = YES;
				GCC_WARN_ABOUT_RETURN_TYPE = YES_ERROR;
				GCC_WARN_UNDECLARED_SELECTOR = YES;
				GCC_WARN_UNINITIALIZED_AUTOS = YES_AGGRESSIVE;
				GCC_WARN_UNUSED_FUNCTION = YES;
				GCC_WARN_UNUSED_VARIABLE = YES;
				IPHONEOS_DEPLOYMENT_TARGET = 9.3;
				MTL_ENABLE_DEBUG_INFO = NO;
				SDKROOT = iphoneos;
				TARGETED_DEVICE_FAMILY = "1,2";
				VALIDATE_PRODUCT = YES;
			};
			name = Release;
		};
		2E3B22E01CD0A24100241F9B /* Debug */ = {
			isa = XCBuildConfiguration;
			buildSettings = {
				ASSETCATALOG_COMPILER_APPICON_NAME = AppIcon;
				INFOPLIST_FILE = "Custom AlertView/Info.plist";
				LD_RUNPATH_SEARCH_PATHS = "$(inherited) @executable_path/Frameworks";
				PRODUCT_BUNDLE_IDENTIFIER = "gxq.Custom-AlertView";
				PRODUCT_NAME = "$(TARGET_NAME)";
			};
			name = Debug;
		};
		2E3B22E11CD0A24100241F9B /* Release */ = {
			isa = XCBuildConfiguration;
			buildSettings = {
				ASSETCATALOG_COMPILER_APPICON_NAME = AppIcon;
				INFOPLIST_FILE = "Custom AlertView/Info.plist";
				LD_RUNPATH_SEARCH_PATHS = "$(inherited) @executable_path/Frameworks";
				PRODUCT_BUNDLE_IDENTIFIER = "gxq.Custom-AlertView";
				PRODUCT_NAME = "$(TARGET_NAME)";
			};
			name = Release;
		};
		2E3B22E31CD0A24100241F9B /* Debug */ = {
			isa = XCBuildConfiguration;
			buildSettings = {
				BUNDLE_LOADER = "$(TEST_HOST)";
				INFOPLIST_FILE = "Custom AlertViewTests/Info.plist";
				LD_RUNPATH_SEARCH_PATHS = "$(inherited) @executable_path/Frameworks @loader_path/Frameworks";
				PRODUCT_BUNDLE_IDENTIFIER = "gxq.Custom-AlertViewTests";
				PRODUCT_NAME = "$(TARGET_NAME)";
				TEST_HOST = "$(BUILT_PRODUCTS_DIR)/Custom AlertView.app/Custom AlertView";
			};
			name = Debug;
		};
		2E3B22E41CD0A24100241F9B /* Release */ = {
			isa = XCBuildConfiguration;
			buildSettings = {
				BUNDLE_LOADER = "$(TEST_HOST)";
				INFOPLIST_FILE = "Custom AlertViewTests/Info.plist";
				LD_RUNPATH_SEARCH_PATHS = "$(inherited) @executable_path/Frameworks @loader_path/Frameworks";
				PRODUCT_BUNDLE_IDENTIFIER = "gxq.Custom-AlertViewTests";
				PRODUCT_NAME = "$(TARGET_NAME)";
				TEST_HOST = "$(BUILT_PRODUCTS_DIR)/Custom AlertView.app/Custom AlertView";
			};
			name = Release;
		};
		2E3B22E61CD0A24100241F9B /* Debug */ = {
			isa = XCBuildConfiguration;
			buildSettings = {
				INFOPLIST_FILE = "Custom AlertViewUITests/Info.plist";
				LD_RUNPATH_SEARCH_PATHS = "$(inherited) @executable_path/Frameworks @loader_path/Frameworks";
				PRODUCT_BUNDLE_IDENTIFIER = "gxq.Custom-AlertViewUITests";
				PRODUCT_NAME = "$(TARGET_NAME)";
				TEST_TARGET_NAME = "Custom AlertView";
			};
			name = Debug;
		};
		2E3B22E71CD0A24100241F9B /* Release */ = {
			isa = XCBuildConfiguration;
			buildSettings = {
				INFOPLIST_FILE = "Custom AlertViewUITests/Info.plist";
				LD_RUNPATH_SEARCH_PATHS = "$(inherited) @executable_path/Frameworks @loader_path/Frameworks";
				PRODUCT_BUNDLE_IDENTIFIER = "gxq.Custom-AlertViewUITests";
				PRODUCT_NAME = "$(TARGET_NAME)";
				TEST_TARGET_NAME = "Custom AlertView";
			};
			name = Release;
		};
/* End XCBuildConfiguration section */

/* Begin XCConfigurationList section */
		2E3B22AD1CD0A24100241F9B /* Build configuration list for PBXProject "Custom AlertView" */ = {
			isa = XCConfigurationList;
			buildConfigurations = (
				2E3B22DD1CD0A24100241F9B /* Debug */,
				2E3B22DE1CD0A24100241F9B /* Release */,
			);
			defaultConfigurationIsVisible = 0;
			defaultConfigurationName = Release;
		};
		2E3B22DF1CD0A24100241F9B /* Build configuration list for PBXNativeTarget "Custom AlertView" */ = {
			isa = XCConfigurationList;
			buildConfigurations = (
				2E3B22E01CD0A24100241F9B /* Debug */,
				2E3B22E11CD0A24100241F9B /* Release */,
			);
			defaultConfigurationIsVisible = 0;
		};
		2E3B22E21CD0A24100241F9B /* Build configuration list for PBXNativeTarget "Custom AlertViewTests" */ = {
			isa = XCConfigurationList;
			buildConfigurations = (
				2E3B22E31CD0A24100241F9B /* Debug */,
				2E3B22E41CD0A24100241F9B /* Release */,
			);
			defaultConfigurationIsVisible = 0;
		};
		2E3B22E51CD0A24100241F9B /* Build configuration list for PBXNativeTarget "Custom AlertViewUITests" */ = {
			isa = XCConfigurationList;
			buildConfigurations = (
				2E3B22E61CD0A24100241F9B /* Debug */,
				2E3B22E71CD0A24100241F9B /* Release */,
			);
			defaultConfigurationIsVisible = 0;
		};
/* End XCConfigurationList section */
	};
	rootObject = 2E3B22AA1CD0A24100241F9B /* Project object */;
}
